
Microsoft Visual Studio Solution File, Format Version 12.00
# Visual Studio 15
VisualStudioVersion = 15.0.28307.1972
MinimumVisualStudioVersion = 10.0.40219.1
Project("{FAE04EC0-301F-11D3-BF4B-00C04F79EFBC}") = "WindowsFormsApp1", "WindowsFormsApp1\WindowsFormsApp1.csproj", "{47AEC1B0-17D1-4B5A-8F2F-FCF307F4074C}"
EndProject
Global
	GlobalSection(SolutionConfigurationPlatforms) = preSolution
		Debug|Any CPU = Debug|Any CPU
		Release|Any CPU = Release|Any CPU
	EndGlobalSection
	GlobalSection(ProjectConfigurationPlatforms) = postSolution
		{47AEC1B0-17D1-4B5A-8F2F-FCF307F4074C}.Debug|Any CPU.ActiveCfg = Debug|Any CPU
		{47AEC1B0-17D1-4B5A-8F2F-FCF307F4074C}.Debug|Any CPU.Build.0 = Debug|Any CPU
		{47AEC1B0-17D1-4B5A-8F2F-FCF307F4074C}.Release|Any CPU.ActiveCfg = Release|Any CPU
		{47AEC1B0-17D1-4B5A-8F2F-FCF307F4074C}.Release|Any CPU.Build.0 = Release|Any CPU
	EndGlobalSection
	GlobalSection(SolutionProperties) = preSolution
		HideSolutionNode = FALSE
	EndGlobalSection
	GlobalSection(ExtensibilityGlobals) = postSolution
		SolutionGuid = {E4DCC22F-D8CB-47AE-93C8-56A3C66840C3}
	EndGlobalSection
EndGlobal
